
Microsoft Visual Studio Solution File, Format Version 12.00
# Visual Studio Version 17
VisualStudioVersion = 17.4.33213.308
MinimumVisualStudioVersion = 10.0.40219.1
Project("{FAE04EC0-301F-11D3-BF4B-00C04F79EFBC}") = "Website_Parser", "Website_Parser\Website_Parser.csproj", "{CC7793AB-7527-4870-901C-9B18C16AA5AD}"
EndProject
Project("{FAE04EC0-301F-11D3-BF4B-00C04F79EFBC}") = "ProglibIO", "ProglibIO\ProglibIO.csproj", "{3C29F0DF-F8CB-4CB8-8278-AB6D32829DD4}"
EndProject
Global
	GlobalSection(SolutionConfigurationPlatforms) = preSolution
		Debug|Any CPU = Debug|Any CPU
		Release|Any CPU = Release|Any CPU
	EndGlobalSection
	GlobalSection(ProjectConfigurationPlatforms) = postSolution
		{CC7793AB-7527-4870-901C-9B18C16AA5AD}.Debug|Any CPU.ActiveCfg = Debug|Any CPU
		{CC7793AB-7527-4870-901C-9B18C16AA5AD}.Debug|Any CPU.Build.0 = Debug|Any CPU
		{CC7793AB-7527-4870-901C-9B18C16AA5AD}.Release|Any CPU.ActiveCfg = Release|Any CPU
		{CC7793AB-7527-4870-901C-9B18C16AA5AD}.Release|Any CPU.Build.0 = Release|Any CPU
		{3C29F0DF-F8CB-4CB8-8278-AB6D32829DD4}.Debug|Any CPU.ActiveCfg = Debug|Any CPU
		{3C29F0DF-F8CB-4CB8-8278-AB6D32829DD4}.Debug|Any CPU.Build.0 = Debug|Any CPU
		{3C29F0DF-F8CB-4CB8-8278-AB6D32829DD4}.Release|Any CPU.ActiveCfg = Release|Any CPU
		{3C29F0DF-F8CB-4CB8-8278-AB6D32829DD4}.Release|Any CPU.Build.0 = Release|Any CPU
	EndGlobalSection
	GlobalSection(SolutionProperties) = preSolution
		HideSolutionNode = FALSE
	EndGlobalSection
	GlobalSection(ExtensibilityGlobals) = postSolution
		SolutionGuid = {8C6FDC40-D96E-4960-AC08-76D8553B2CCA}
	EndGlobalSection
EndGlobal
